%{"hamcrest": {:hex, :hamcrest, "0.1.1", "b2a6fd665502ccb22c033d95215981594b2c0d3a699fb3a321c9896e73fde14d", [:rebar, :make], []},
  "linguist": {:hex, :linguist, "0.1.5", "98739fc47ac5d951322a57c787f46786c95b53d800105d43a0631633e7f9da9b", [:mix], []},
  "meck": {:hex, :meck, "0.8.4", "59ca1cd971372aa223138efcf9b29475bde299e1953046a0c727184790ab1520", [:rebar, :make], []},
  "pooler": {:hex, :pooler, "1.5.0", "0fd4be5d2976e6a2e9a1617623031758c26f200c1fca89e4a3c542747bec6371", [:rebar, :make], []},
  "protobuffs": {:hex, :protobuffs, "0.8.2", "5346c28ccc1637e5ff03270b039b7e87c66b21c666f91ba22635c1fd1002c822", [:rebar, :make], [{:meck, "~> 0.8.3", [hex: :meck, optional: false]}]},
  "riak": {:hex, :riak, "1.0.0", "4c86704813c83ed6d386ed5d8a4ba51ce06725c133ccb7966ed836ebaa37f54e", [:mix], [{:riakc, "~> 2.1", [hex: :riakc, optional: false]}, {:pooler, "~> 1.5", [hex: :pooler, optional: false]}, {:linguist, "~> 0.1", [hex: :linguist, optional: false]}]},
  "riak_pb": {:hex, :riak_pb, "2.1.0", "478c717e097c79f946d190f7653a228dd874b0e13258619e9a610071f3a9b731", [:rebar, :make], [{:protobuffs, "~> 0.8", [hex: :protobuffs, optional: false]}, {:hamcrest, "~> 0.1", [hex: :hamcrest, optional: false]}]},
  "riakc": {:hex, :riakc, "2.1.1", "908f63c05a20b31da778f3450bc1cf3cb85166941c473309ef183192292cc074", [:rebar, :make], [{:riak_pb, "~> 2.1", [hex: :riak_pb, optional: false]}]},
  "uuid": {:hex, :uuid, "1.1.3", "06ca38801a1a95b751701ca40716bb97ddf76dfe7e26da0eec7dba636740d57a", [:mix], []},
  "vex": {:hex, :vex, "0.5.0"}}
