%{"hamcrest": {:hex, :hamcrest, "0.1.2", "2f06fad05983ce98a7832c4a7a508aab935b68865fdf607d30a030c129ec1365", [:rebar, :make], []},
  "linguist": {:hex, :linguist, "0.1.5", "98739fc47ac5d951322a57c787f46786c95b53d800105d43a0631633e7f9da9b", [:mix], []},
  "meck": {:hex, :meck, "0.8.4", "59ca1cd971372aa223138efcf9b29475bde299e1953046a0c727184790ab1520", [:rebar, :make], []},
  "pooler": {:hex, :pooler, "1.5.0", "0fd4be5d2976e6a2e9a1617623031758c26f200c1fca89e4a3c542747bec6371", [:rebar, :make], []},
  "protobuffs": {:hex, :protobuffs, "0.8.4", "d38ca5f7380d8477c274680273372011890f8d0037c0d7e7db5c0207b89a4e0b", [:rebar, :make], [{:meck, "~> 0.8.4", [hex: :meck, optional: false]}]},
  "riak": {:hex, :riak, "1.1.0", "25d4ab68fa2b0c76bafb8144646ed536e7bf2c10e6cc5cf55defb29f1808f8f4", [:mix], [{:linguist, "~> 0.1", [hex: :linguist, optional: false]}, {:pooler, "~> 1.5", [hex: :pooler, optional: false]}, {:riakc, "~> 2.4", [hex: :riakc, optional: false]}]},
  "riak_pb": {:hex, :riak_pb, "2.1.4", "0de76c3b44a950dc9ffe50f45f7b55128bacce12170705c5e364af95b96a33cf", [:rebar, :make], [{:hamcrest, "~> 0.1", [hex: :hamcrest, optional: false]}, {:protobuffs, "~> 0.8", [hex: :protobuffs, optional: false]}]},
  "riakc": {:hex, :riakc, "2.4.1", "5d2e191ac6597e1a4cfb5628bf78219d126c5ffa42dbb904af622136d8426a32", [:rebar, :make], [{:riak_pb, "~> 2.1", [hex: :riak_pb, optional: false]}]},
  "uuid": {:hex, :uuid, "1.1.4", "36c7734e4c8e357f2f67ba57fb61799d60c20a7f817b104896cca64b857e3686", [:mix], []},
  "vex": {:hex, :vex, "0.5.0"}}
